
Microsoft Visual Studio Solution File, Format Version 12.00
Project("{FAE04EC0-301F-11D3-BF4B-00C04F79EFBC}") = "week10CS401", "week10CS401\week10CS401.csproj", "{38F0041D-33A4-41AF-9CE2-F8F43814CF80}"
EndProject
Global
	GlobalSection(SolutionConfigurationPlatforms) = preSolution
		Debug|Any CPU = Debug|Any CPU
		Release|Any CPU = Release|Any CPU
	EndGlobalSection
	GlobalSection(ProjectConfigurationPlatforms) = postSolution
		{38F0041D-33A4-41AF-9CE2-F8F43814CF80}.Debug|Any CPU.ActiveCfg = Debug|Any CPU
		{38F0041D-33A4-41AF-9CE2-F8F43814CF80}.Debug|Any CPU.Build.0 = Debug|Any CPU
		{38F0041D-33A4-41AF-9CE2-F8F43814CF80}.Release|Any CPU.ActiveCfg = Release|Any CPU
		{38F0041D-33A4-41AF-9CE2-F8F43814CF80}.Release|Any CPU.Build.0 = Release|Any CPU
	EndGlobalSection
EndGlobal
